// !$*UTF8*$!
{
	archiveVersion = 1;
	classes = {
	};
	objectVersion = 46;
	objects = {

/* Begin PBXBuildFile section */
		9245739819065EFA005991C4 /* Foundation.framework in Frameworks */ = {isa = PBXBuildFile; fileRef = 9245739719065EFA005991C4 /* Foundation.framework */; };
		9245739A19065EFA005991C4 /* CoreGraphics.framework in Frameworks */ = {isa = PBXBuildFile; fileRef = 9245739919065EFA005991C4 /* CoreGraphics.framework */; };
		9245739C19065EFA005991C4 /* UIKit.framework in Frameworks */ = {isa = PBXBuildFile; fileRef = 9245739B19065EFA005991C4 /* UIKit.framework */; };
		924573A219065EFA005991C4 /* InfoPlist.strings in Resources */ = {isa = PBXBuildFile; fileRef = 924573A019065EFA005991C4 /* InfoPlist.strings */; };
		924573A419065EFA005991C4 /* main.m in Sources */ = {isa = PBXBuildFile; fileRef = 924573A319065EFA005991C4 /* main.m */; };
		924573A819065EFA005991C4 /* VJAppDelegate.m in Sources */ = {isa = PBXBuildFile; fileRef = 924573A719065EFA005991C4 /* VJAppDelegate.m */; };
		924573AB19065EFA005991C4 /* Main.storyboard in Resources */ = {isa = PBXBuildFile; fileRef = 924573A919065EFA005991C4 /* Main.storyboard */; };
		924573AE19065EFA005991C4 /* VJViewController.m in Sources */ = {isa = PBXBuildFile; fileRef = 924573AD19065EFA005991C4 /* VJViewController.m */; };
		924573B019065EFA005991C4 /* Images.xcassets in Resources */ = {isa = PBXBuildFile; fileRef = 924573AF19065EFA005991C4 /* Images.xcassets */; };
		924573B719065EFA005991C4 /* XCTest.framework in Frameworks */ = {isa = PBXBuildFile; fileRef = 924573B619065EFA005991C4 /* XCTest.framework */; };
		924573B819065EFA005991C4 /* Foundation.framework in Frameworks */ = {isa = PBXBuildFile; fileRef = 9245739719065EFA005991C4 /* Foundation.framework */; };
		924573B919065EFA005991C4 /* UIKit.framework in Frameworks */ = {isa = PBXBuildFile; fileRef = 9245739B19065EFA005991C4 /* UIKit.framework */; };
		924573C119065EFA005991C4 /* InfoPlist.strings in Resources */ = {isa = PBXBuildFile; fileRef = 924573BF19065EFA005991C4 /* InfoPlist.strings */; };
		924573C319065EFA005991C4 /* JumpTests.m in Sources */ = {isa = PBXBuildFile; fileRef = 924573C219065EFA005991C4 /* JumpTests.m */; };
/* End PBXBuildFile section */

/* Begin PBXContainerItemProxy section */
		924573BA19065EFA005991C4 /* PBXContainerItemProxy */ = {
			isa = PBXContainerItemProxy;
			containerPortal = 9245738C19065EFA005991C4 /* Project object */;
			proxyType = 1;
			remoteGlobalIDString = 9245739319065EFA005991C4;
			remoteInfo = Jump;
		};
/* End PBXContainerItemProxy section */

/* Begin PBXFileReference section */
		9245739419065EFA005991C4 /* Jump.app */ = {isa = PBXFileReference; explicitFileType = wrapper.application; includeInIndex = 0; path = Jump.app; sourceTree = BUILT_PRODUCTS_DIR; };
		9245739719065EFA005991C4 /* Foundation.framework */ = {isa = PBXFileReference; lastKnownFileType = wrapper.framework; name = Foundation.framework; path = System/Library/Frameworks/Foundation.framework; sourceTree = SDKROOT; };
		9245739919065EFA005991C4 /* CoreGraphics.framework */ = {isa = PBXFileReference; lastKnownFileType = wrapper.framework; name = CoreGraphics.framework; path = System/Library/Frameworks/CoreGraphics.framework; sourceTree = SDKROOT; };
		9245739B19065EFA005991C4 /* UIKit.framework */ = {isa = PBXFileReference; lastKnownFileType = wrapper.framework; name = UIKit.framework; path = System/Library/Frameworks/UIKit.framework; sourceTree = SDKROOT; };
		9245739F19065EFA005991C4 /* Jump-Info.plist */ = {isa = PBXFileReference; lastKnownFileType = text.plist.xml; path = "Jump-Info.plist"; sourceTree = "<group>"; };
		924573A119065EFA005991C4 /* en */ = {isa = PBXFileReference; lastKnownFileType = text.plist.strings; name = en; path = en.lproj/InfoPlist.strings; sourceTree = "<group>"; };
		924573A319065EFA005991C4 /* main.m */ = {isa = PBXFileReference; lastKnownFileType = sourcecode.c.objc; path = main.m; sourceTree = "<group>"; };
		924573A519065EFA005991C4 /* Jump-Prefix.pch */ = {isa = PBXFileReference; lastKnownFileType = sourcecode.c.h; path = "Jump-Prefix.pch"; sourceTree = "<group>"; };
		924573A619065EFA005991C4 /* VJAppDelegate.h */ = {isa = PBXFileReference; lastKnownFileType = sourcecode.c.h; path = VJAppDelegate.h; sourceTree = "<group>"; };
		924573A719065EFA005991C4 /* VJAppDelegate.m */ = {isa = PBXFileReference; lastKnownFileType = sourcecode.c.objc; path = VJAppDelegate.m; sourceTree = "<group>"; };
		924573AA19065EFA005991C4 /* Base */ = {isa = PBXFileReference; lastKnownFileType = file.storyboard; name = Base; path = Base.lproj/Main.storyboard; sourceTree = "<group>"; };
		924573AC19065EFA005991C4 /* VJViewController.h */ = {isa = PBXFileReference; lastKnownFileType = sourcecode.c.h; path = VJViewController.h; sourceTree = "<group>"; };
		924573AD19065EFA005991C4 /* VJViewController.m */ = {isa = PBXFileReference; lastKnownFileType = sourcecode.c.objc; path = VJViewController.m; sourceTree = "<group>"; };
		924573AF19065EFA005991C4 /* Images.xcassets */ = {isa = PBXFileReference; lastKnownFileType = folder.assetcatalog; path = Images.xcassets; sourceTree = "<group>"; };
		924573B519065EFA005991C4 /* JumpTests.xctest */ = {isa = PBXFileReference; explicitFileType = wrapper.cfbundle; includeInIndex = 0; path = JumpTests.xctest; sourceTree = BUILT_PRODUCTS_DIR; };
		924573B619065EFA005991C4 /* XCTest.framework */ = {isa = PBXFileReference; lastKnownFileType = wrapper.framework; name = XCTest.framework; path = Library/Frameworks/XCTest.framework; sourceTree = DEVELOPER_DIR; };
		924573BE19065EFA005991C4 /* JumpTests-Info.plist */ = {isa = PBXFileReference; lastKnownFileType = text.plist.xml; path = "JumpTests-Info.plist"; sourceTree = "<group>"; };
		924573C019065EFA005991C4 /* en */ = {isa = PBXFileReference; lastKnownFileType = text.plist.strings; name = en; path = en.lproj/InfoPlist.strings; sourceTree = "<group>"; };
		924573C219065EFA005991C4 /* JumpTests.m */ = {isa = PBXFileReference; lastKnownFileType = sourcecode.c.objc; path = JumpTests.m; sourceTree = "<group>"; };
/* End PBXFileReference section */

/* Begin PBXFrameworksBuildPhase section */
		9245739119065EFA005991C4 /* Frameworks */ = {
			isa = PBXFrameworksBuildPhase;
			buildActionMask = 2147483647;
			files = (
				9245739A19065EFA005991C4 /* CoreGraphics.framework in Frameworks */,
				9245739C19065EFA005991C4 /* UIKit.framework in Frameworks */,
				9245739819065EFA005991C4 /* Foundation.framework in Frameworks */,
			);
			runOnlyForDeploymentPostprocessing = 0;
		};
		924573B219065EFA005991C4 /* Frameworks */ = {
			isa = PBXFrameworksBuildPhase;
			buildActionMask = 2147483647;
			files = (
				924573B719065EFA005991C4 /* XCTest.framework in Frameworks */,
				924573B919065EFA005991C4 /* UIKit.framework in Frameworks */,
				924573B819065EFA005991C4 /* Foundation.framework in Frameworks */,
			);
			runOnlyForDeploymentPostprocessing = 0;
		};
/* End PBXFrameworksBuildPhase section */

/* Begin PBXGroup section */
		9245738B19065EFA005991C4 = {
			isa = PBXGroup;
			children = (
				9245739D19065EFA005991C4 /* Jump */,
				924573BC19065EFA005991C4 /* JumpTests */,
				9245739619065EFA005991C4 /* Frameworks */,
				9245739519065EFA005991C4 /* Products */,
			);
			sourceTree = "<group>";
		};
		9245739519065EFA005991C4 /* Products */ = {
			isa = PBXGroup;
			children = (
				9245739419065EFA005991C4 /* Jump.app */,
				924573B519065EFA005991C4 /* JumpTests.xctest */,
			);
			name = Products;
			sourceTree = "<group>";
		};
		9245739619065EFA005991C4 /* Frameworks */ = {
			isa = PBXGroup;
			children = (
				9245739719065EFA005991C4 /* Foundation.framework */,
				9245739919065EFA005991C4 /* CoreGraphics.framework */,
				9245739B19065EFA005991C4 /* UIKit.framework */,
				924573B619065EFA005991C4 /* XCTest.framework */,
			);
			name = Frameworks;
			sourceTree = "<group>";
		};
		9245739D19065EFA005991C4 /* Jump */ = {
			isa = PBXGroup;
			children = (
				924573A619065EFA005991C4 /* VJAppDelegate.h */,
				924573A719065EFA005991C4 /* VJAppDelegate.m */,
				924573A919065EFA005991C4 /* Main.storyboard */,
				924573AC19065EFA005991C4 /* VJViewController.h */,
				924573AD19065EFA005991C4 /* VJViewController.m */,
				924573AF19065EFA005991C4 /* Images.xcassets */,
				9245739E19065EFA005991C4 /* Supporting Files */,
			);
			path = Jump;
			sourceTree = "<group>";
		};
		9245739E19065EFA005991C4 /* Supporting Files */ = {
			isa = PBXGroup;
			children = (
				9245739F19065EFA005991C4 /* Jump-Info.plist */,
				924573A019065EFA005991C4 /* InfoPlist.strings */,
				924573A319065EFA005991C4 /* main.m */,
				924573A519065EFA005991C4 /* Jump-Prefix.pch */,
			);
			name = "Supporting Files";
			sourceTree = "<group>";
		};
		924573BC19065EFA005991C4 /* JumpTests */ = {
			isa = PBXGroup;
			children = (
				924573C219065EFA005991C4 /* JumpTests.m */,
				924573BD19065EFA005991C4 /* Supporting Files */,
			);
			path = JumpTests;
			sourceTree = "<group>";
		};
		924573BD19065EFA005991C4 /* Supporting Files */ = {
			isa = PBXGroup;
			children = (
				924573BE19065EFA005991C4 /* JumpTests-Info.plist */,
				924573BF19065EFA005991C4 /* InfoPlist.strings */,
			);
			name = "Supporting Files";
			sourceTree = "<group>";
		};
/* End PBXGroup section */

/* Begin PBXNativeTarget section */
		9245739319065EFA005991C4 /* Jump */ = {
			isa = PBXNativeTarget;
			buildConfigurationList = 924573C619065EFA005991C4 /* Build configuration list for PBXNativeTarget "Jump" */;
			buildPhases = (
				9245739019065EFA005991C4 /* Sources */,
				9245739119065EFA005991C4 /* Frameworks */,
				9245739219065EFA005991C4 /* Resources */,
			);
			buildRules = (
			);
			dependencies = (
			);
			name = Jump;
			productName = Jump;
			productReference = 9245739419065EFA005991C4 /* Jump.app */;
			productType = "com.apple.product-type.application";
		};
		924573B419065EFA005991C4 /* JumpTests */ = {
			isa = PBXNativeTarget;
			buildConfigurationList = 924573C919065EFA005991C4 /* Build configuration list for PBXNativeTarget "JumpTests" */;
			buildPhases = (
				924573B119065EFA005991C4 /* Sources */,
				924573B219065EFA005991C4 /* Frameworks */,
				924573B319065EFA005991C4 /* Resources */,
			);
			buildRules = (
			);
			dependencies = (
				924573BB19065EFA005991C4 /* PBXTargetDependency */,
			);
			name = JumpTests;
			productName = JumpTests;
			productReference = 924573B519065EFA005991C4 /* JumpTests.xctest */;
			productType = "com.apple.product-type.bundle.unit-test";
		};
/* End PBXNativeTarget section */

/* Begin PBXProject section */
		9245738C19065EFA005991C4 /* Project object */ = {
			isa = PBXProject;
			attributes = {
				CLASSPREFIX = VJ;
				LastUpgradeCheck = 0510;
				ORGANIZATIONNAME = Mac003;
				TargetAttributes = {
					924573B419065EFA005991C4 = {
						TestTargetID = 9245739319065EFA005991C4;
					};
				};
			};
			buildConfigurationList = 9245738F19065EFA005991C4 /* Build configuration list for PBXProject "Jump" */;
			compatibilityVersion = "Xcode 3.2";
			developmentRegion = English;
			hasScannedForEncodings = 0;
			knownRegions = (
				en,
				Base,
			);
			mainGroup = 9245738B19065EFA005991C4;
			productRefGroup = 9245739519065EFA005991C4 /* Products */;
			projectDirPath = "";
			projectRoot = "";
			targets = (
				9245739319065EFA005991C4 /* Jump */,
				924573B419065EFA005991C4 /* JumpTests */,
			);
		};
/* End PBXProject section */

/* Begin PBXResourcesBuildPhase section */
		9245739219065EFA005991C4 /* Resources */ = {
			isa = PBXResourcesBuildPhase;
			buildActionMask = 2147483647;
			files = (
				924573B019065EFA005991C4 /* Images.xcassets in Resources */,
				924573A219065EFA005991C4 /* InfoPlist.strings in Resources */,
				924573AB19065EFA005991C4 /* Main.storyboard in Resources */,
			);
			runOnlyForDeploymentPostprocessing = 0;
		};
		924573B319065EFA005991C4 /* Resources */ = {
			isa = PBXResourcesBuildPhase;
			buildActionMask = 2147483647;
			files = (
				924573C119065EFA005991C4 /* InfoPlist.strings in Resources */,
			);
			runOnlyForDeploymentPostprocessing = 0;
		};
/* End PBXResourcesBuildPhase section */

/* Begin PBXSourcesBuildPhase section */
		9245739019065EFA005991C4 /* Sources */ = {
			isa = PBXSourcesBuildPhase;
			buildActionMask = 2147483647;
			files = (
				924573A819065EFA005991C4 /* VJAppDelegate.m in Sources */,
				924573AE19065EFA005991C4 /* VJViewController.m in Sources */,
				924573A419065EFA005991C4 /* main.m in Sources */,
			);
			runOnlyForDeploymentPostprocessing = 0;
		};
		924573B119065EFA005991C4 /* Sources */ = {
			isa = PBXSourcesBuildPhase;
			buildActionMask = 2147483647;
			files = (
				924573C319065EFA005991C4 /* JumpTests.m in Sources */,
			);
			runOnlyForDeploymentPostprocessing = 0;
		};
/* End PBXSourcesBuildPhase section */

/* Begin PBXTargetDependency section */
		924573BB19065EFA005991C4 /* PBXTargetDependency */ = {
			isa = PBXTargetDependency;
			target = 9245739319065EFA005991C4 /* Jump */;
			targetProxy = 924573BA19065EFA005991C4 /* PBXContainerItemProxy */;
		};
/* End PBXTargetDependency section */

/* Begin PBXVariantGroup section */
		924573A019065EFA005991C4 /* InfoPlist.strings */ = {
			isa = PBXVariantGroup;
			children = (
				924573A119065EFA005991C4 /* en */,
			);
			name = InfoPlist.strings;
			sourceTree = "<group>";
		};
		924573A919065EFA005991C4 /* Main.storyboard */ = {
			isa = PBXVariantGroup;
			children = (
				924573AA19065EFA005991C4 /* Base */,
			);
			name = Main.storyboard;
			sourceTree = "<group>";
		};
		924573BF19065EFA005991C4 /* InfoPlist.strings */ = {
			isa = PBXVariantGroup;
			children = (
				924573C019065EFA005991C4 /* en */,
			);
			name = InfoPlist.strings;
			sourceTree = "<group>";
		};
/* End PBXVariantGroup section */

/* Begin XCBuildConfiguration section */
		924573C419065EFA005991C4 /* Debug */ = {
			isa = XCBuildConfiguration;
			buildSettings = {
				ALWAYS_SEARCH_USER_PATHS = NO;
				CLANG_CXX_LANGUAGE_STANDARD = "gnu++0x";
				CLANG_CXX_LIBRARY = "libc++";
				CLANG_ENABLE_MODULES = YES;
				CLANG_ENABLE_OBJC_ARC = YES;
				CLANG_WARN_BOOL_CONVERSION = YES;
				CLANG_WARN_CONSTANT_CONVERSION = YES;
				CLANG_WARN_DIRECT_OBJC_ISA_USAGE = YES_ERROR;
				CLANG_WARN_EMPTY_BODY = YES;
				CLANG_WARN_ENUM_CONVERSION = YES;
				CLANG_WARN_INT_CONVERSION = YES;
				CLANG_WARN_OBJC_ROOT_CLASS = YES_ERROR;
				CLANG_WARN__DUPLICATE_METHOD_MATCH = YES;
				"CODE_SIGN_IDENTITY[sdk=iphoneos*]" = "iPhone Developer";
				COPY_PHASE_STRIP = NO;
				GCC_C_LANGUAGE_STANDARD = gnu99;
				GCC_DYNAMIC_NO_PIC = NO;
				GCC_OPTIMIZATION_LEVEL = 0;
				GCC_PREPROCESSOR_DEFINITIONS = (
					"DEBUG=1",
					"$(inherited)",
				);
				GCC_SYMBOLS_PRIVATE_EXTERN = NO;
				GCC_WARN_64_TO_32_BIT_CONVERSION = YES;
				GCC_WARN_ABOUT_RETURN_TYPE = YES_ERROR;
				GCC_WARN_UNDECLARED_SELECTOR = YES;
				GCC_WARN_UNINITIALIZED_AUTOS = YES_AGGRESSIVE;
				GCC_WARN_UNUSED_FUNCTION = YES;
				GCC_WARN_UNUSED_VARIABLE = YES;
				IPHONEOS_DEPLOYMENT_TARGET = 7.1;
				ONLY_ACTIVE_ARCH = YES;
				SDKROOT = iphoneos;
			};
			name = Debug;
		};
		924573C519065EFA005991C4 /* Release */ = {
			isa = XCBuildConfiguration;
			buildSettings = {
				ALWAYS_SEARCH_USER_PATHS = NO;
				CLANG_CXX_LANGUAGE_STANDARD = "gnu++0x";
				CLANG_CXX_LIBRARY = "libc++";
				CLANG_ENABLE_MODULES = YES;
				CLANG_ENABLE_OBJC_ARC = YES;
				CLANG_WARN_BOOL_CONVERSION = YES;
				CLANG_WARN_CONSTANT_CONVERSION = YES;
				CLANG_WARN_DIRECT_OBJC_ISA_USAGE = YES_ERROR;
				CLANG_WARN_EMPTY_BODY = YES;
				CLANG_WARN_ENUM_CONVERSION = YES;
				CLANG_WARN_INT_CONVERSION = YES;
				CLANG_WARN_OBJC_ROOT_CLASS = YES_ERROR;
				CLANG_WARN__DUPLICATE_METHOD_MATCH = YES;
				"CODE_SIGN_IDENTITY[sdk=iphoneos*]" = "iPhone Developer";
				COPY_PHASE_STRIP = YES;
				ENABLE_NS_ASSERTIONS = NO;
				GCC_C_LANGUAGE_STANDARD = gnu99;
				GCC_WARN_64_TO_32_BIT_CONVERSION = YES;
				GCC_WARN_ABOUT_RETURN_TYPE = YES_ERROR;
				GCC_WARN_UNDECLARED_SELECTOR = YES;
				GCC_WARN_UNINITIALIZED_AUTOS = YES_AGGRESSIVE;
				GCC_WARN_UNUSED_FUNCTION = YES;
				GCC_WARN_UNUSED_VARIABLE = YES;
				IPHONEOS_DEPLOYMENT_TARGET = 7.1;
				SDKROOT = iphoneos;
				VALIDATE_PRODUCT = YES;
			};
			name = Release;
		};
		924573C719065EFA005991C4 /* Debug */ = {
			isa = XCBuildConfiguration;
			buildSettings = {
				ASSETCATALOG_COMPILER_APPICON_NAME = AppIcon;
				ASSETCATALOG_COMPILER_LAUNCHIMAGE_NAME = LaunchImage;
				GCC_PRECOMPILE_PREFIX_HEADER = YES;
				GCC_PREFIX_HEADER = "Jump/Jump-Prefix.pch";
				INFOPLIST_FILE = "Jump/Jump-Info.plist";
				PRODUCT_NAME = "$(TARGET_NAME)";
				WRAPPER_EXTENSION = app;
			};
			name = Debug;
		};
		924573C819065EFA005991C4 /* Release */ = {
			isa = XCBuildConfiguration;
			buildSettings = {
				ASSETCATALOG_COMPILER_APPICON_NAME = AppIcon;
				ASSETCATALOG_COMPILER_LAUNCHIMAGE_NAME = LaunchImage;
				GCC_PRECOMPILE_PREFIX_HEADER = YES;
				GCC_PREFIX_HEADER = "Jump/Jump-Prefix.pch";
				INFOPLIST_FILE = "Jump/Jump-Info.plist";
				PRODUCT_NAME = "$(TARGET_NAME)";
				WRAPPER_EXTENSION = app;
			};
			name = Release;
		};
		924573CA19065EFA005991C4 /* Debug */ = {
			isa = XCBuildConfiguration;
			buildSettings = {
				BUNDLE_LOADER = "$(BUILT_PRODUCTS_DIR)/Jump.app/Jump";
				FRAMEWORK_SEARCH_PATHS = (
					"$(SDKROOT)/Developer/Library/Frameworks",
					"$(inherited)",
					"$(DEVELOPER_FRAMEWORKS_DIR)",
				);
				GCC_PRECOMPILE_PREFIX_HEADER = YES;
				GCC_PREFIX_HEADER = "Jump/Jump-Prefix.pch";
				GCC_PREPROCESSOR_DEFINITIONS = (
					"DEBUG=1",
					"$(inherited)",
				);
				INFOPLIST_FILE = "JumpTests/JumpTests-Info.plist";
				PRODUCT_NAME = "$(TARGET_NAME)";
				TEST_HOST = "$(BUNDLE_LOADER)";
				WRAPPER_EXTENSION = xctest;
			};
			name = Debug;
		};
		924573CB19065EFA005991C4 /* Release */ = {
			isa = XCBuildConfiguration;
			buildSettings = {
				BUNDLE_LOADER = "$(BUILT_PRODUCTS_DIR)/Jump.app/Jump";
				FRAMEWORK_SEARCH_PATHS = (
					"$(SDKROOT)/Developer/Library/Frameworks",
					"$(inherited)",
					"$(DEVELOPER_FRAMEWORKS_DIR)",
				);
				GCC_PRECOMPILE_PREFIX_HEADER = YES;
				GCC_PREFIX_HEADER = "Jump/Jump-Prefix.pch";
				INFOPLIST_FILE = "JumpTests/JumpTests-Info.plist";
				PRODUCT_NAME = "$(TARGET_NAME)";
				TEST_HOST = "$(BUNDLE_LOADER)";
				WRAPPER_EXTENSION = xctest;
			};
			name = Release;
		};
/* End XCBuildConfiguration section */

/* Begin XCConfigurationList section */
		9245738F19065EFA005991C4 /* Build configuration list for PBXProject "Jump" */ = {
			isa = XCConfigurationList;
			buildConfigurations = (
				924573C419065EFA005991C4 /* Debug */,
				924573C519065EFA005991C4 /* Release */,
			);
			defaultConfigurationIsVisible = 0;
			defaultConfigurationName = Release;
		};
		924573C619065EFA005991C4 /* Build configuration list for PBXNativeTarget "Jump" */ = {
			isa = XCConfigurationList;
			buildConfigurations = (
				924573C719065EFA005991C4 /* Debug */,
				924573C819065EFA005991C4 /* Release */,
			);
			defaultConfigurationIsVisible = 0;
		};
		924573C919065EFA005991C4 /* Build configuration list for PBXNativeTarget "JumpTests" */ = {
			isa = XCConfigurationList;
			buildConfigurations = (
				924573CA19065EFA005991C4 /* Debug */,
				924573CB19065EFA005991C4 /* Release */,
			);
			defaultConfigurationIsVisible = 0;
		};
/* End XCConfigurationList section */
	};
	rootObject = 9245738C19065EFA005991C4 /* Project object */;
}
